
Microsoft Visual Studio Solution File, Format Version 12.00
# Visual Studio 14
VisualStudioVersion = 14.0.25420.1
MinimumVisualStudioVersion = 10.0.40219.1
Project("{8BC9CEB8-8B4A-11D0-8D11-00A0C91BC942}") = "vs_stereoCapture", "vs_stereoCapture\vs_stereoCapture.vcxproj", "{1530158A-39A4-4694-869C-DD609E3D98FD}"
EndProject
Project("{8BC9CEB8-8B4A-11D0-8D11-00A0C91BC942}") = "vs_captureServer", "vs_captureServer\vs_captureServer.vcxproj", "{55F0F4A5-0793-4C0F-88B0-AF74B766C841}"
EndProject
Global
	GlobalSection(SolutionConfigurationPlatforms) = preSolution
		Debug|x64 = Debug|x64
		Debug|x86 = Debug|x86
		Release|x64 = Release|x64
		Release|x86 = Release|x86
	EndGlobalSection
	GlobalSection(ProjectConfigurationPlatforms) = postSolution
		{1530158A-39A4-4694-869C-DD609E3D98FD}.Debug|x64.ActiveCfg = Debug|x64
		{1530158A-39A4-4694-869C-DD609E3D98FD}.Debug|x64.Build.0 = Debug|x64
		{1530158A-39A4-4694-869C-DD609E3D98FD}.Debug|x86.ActiveCfg = Debug|Win32
		{1530158A-39A4-4694-869C-DD609E3D98FD}.Debug|x86.Build.0 = Debug|Win32
		{1530158A-39A4-4694-869C-DD609E3D98FD}.Release|x64.ActiveCfg = Release|x64
		{1530158A-39A4-4694-869C-DD609E3D98FD}.Release|x64.Build.0 = Release|x64
		{1530158A-39A4-4694-869C-DD609E3D98FD}.Release|x86.ActiveCfg = Release|Win32
		{1530158A-39A4-4694-869C-DD609E3D98FD}.Release|x86.Build.0 = Release|Win32
		{55F0F4A5-0793-4C0F-88B0-AF74B766C841}.Debug|x64.ActiveCfg = Debug|x64
		{55F0F4A5-0793-4C0F-88B0-AF74B766C841}.Debug|x64.Build.0 = Debug|x64
		{55F0F4A5-0793-4C0F-88B0-AF74B766C841}.Debug|x86.ActiveCfg = Debug|Win32
		{55F0F4A5-0793-4C0F-88B0-AF74B766C841}.Debug|x86.Build.0 = Debug|Win32
		{55F0F4A5-0793-4C0F-88B0-AF74B766C841}.Release|x64.ActiveCfg = Release|x64
		{55F0F4A5-0793-4C0F-88B0-AF74B766C841}.Release|x64.Build.0 = Release|x64
		{55F0F4A5-0793-4C0F-88B0-AF74B766C841}.Release|x86.ActiveCfg = Release|Win32
		{55F0F4A5-0793-4C0F-88B0-AF74B766C841}.Release|x86.Build.0 = Release|Win32
	EndGlobalSection
	GlobalSection(SolutionProperties) = preSolution
		HideSolutionNode = FALSE
	EndGlobalSection
EndGlobal
